
Microsoft Visual Studio Solution File, Format Version 12.00
# Visual Studio Version 17
VisualStudioVersion = 17.10.35027.167
MinimumVisualStudioVersion = 10.0.40219.1
Project("{FAE04EC0-301F-11D3-BF4B-00C04F79EFBC}") = "Random Song Selector", "Random Song Selector\Random Song Selector.csproj", "{61E779E0-EDA9-4B1A-820A-5DA6AF671C8E}"
EndProject
Global
	GlobalSection(SolutionConfigurationPlatforms) = preSolution
		Debug|Any CPU = Debug|Any CPU
		Release|Any CPU = Release|Any CPU
	EndGlobalSection
	GlobalSection(ProjectConfigurationPlatforms) = postSolution
		{61E779E0-EDA9-4B1A-820A-5DA6AF671C8E}.Debug|Any CPU.ActiveCfg = Debug|Any CPU
		{61E779E0-EDA9-4B1A-820A-5DA6AF671C8E}.Debug|Any CPU.Build.0 = Debug|Any CPU
		{61E779E0-EDA9-4B1A-820A-5DA6AF671C8E}.Release|Any CPU.ActiveCfg = Release|Any CPU
		{61E779E0-EDA9-4B1A-820A-5DA6AF671C8E}.Release|Any CPU.Build.0 = Release|Any CPU
	EndGlobalSection
	GlobalSection(SolutionProperties) = preSolution
		HideSolutionNode = FALSE
	EndGlobalSection
	GlobalSection(ExtensibilityGlobals) = postSolution
		SolutionGuid = {1D0994D6-66EC-4031-904D-CF1BAD73BC3C}
	EndGlobalSection
EndGlobal
